
Microsoft Visual Studio Solution File, Format Version 12.00
# Visual Studio 15
VisualStudioVersion = 15.0.28010.2003
MinimumVisualStudioVersion = 10.0.40219.1
Project("{E24C65DC-7377-472B-9ABA-BC803B73C61A}") = "three", "three\", "{B8495F92-F0DA-438B-90CC-B01180A455FB}"
	ProjectSection(WebsiteProperties) = preProject
		TargetFrameworkMoniker = ".NETFramework,Version%3Dv4.6.1"
		Debug.AspNetCompiler.VirtualPath = "/localhost_50546"
		Debug.AspNetCompiler.PhysicalPath = "three\"
		Debug.AspNetCompiler.TargetPath = "PrecompiledWeb\localhost_50546\"
		Debug.AspNetCompiler.Updateable = "true"
		Debug.AspNetCompiler.ForceOverwrite = "true"
		Debug.AspNetCompiler.FixedNames = "false"
		Debug.AspNetCompiler.Debug = "True"
		Release.AspNetCompiler.VirtualPath = "/localhost_50546"
		Release.AspNetCompiler.PhysicalPath = "three\"
		Release.AspNetCompiler.TargetPath = "PrecompiledWeb\localhost_50546\"
		Release.AspNetCompiler.Updateable = "true"
		Release.AspNetCompiler.ForceOverwrite = "true"
		Release.AspNetCompiler.FixedNames = "false"
		Release.AspNetCompiler.Debug = "False"
		VWDPort = "50546"
		SlnRelativePath = "three\"
		DefaultWebSiteLanguage = "Visual C#"
	EndProjectSection
EndProject
Global
	GlobalSection(SolutionConfigurationPlatforms) = preSolution
		Debug|Any CPU = Debug|Any CPU
	EndGlobalSection
	GlobalSection(ProjectConfigurationPlatforms) = postSolution
		{B8495F92-F0DA-438B-90CC-B01180A455FB}.Debug|Any CPU.ActiveCfg = Debug|Any CPU
		{B8495F92-F0DA-438B-90CC-B01180A455FB}.Debug|Any CPU.Build.0 = Debug|Any CPU
	EndGlobalSection
	GlobalSection(SolutionProperties) = preSolution
		HideSolutionNode = FALSE
	EndGlobalSection
	GlobalSection(ExtensibilityGlobals) = postSolution
		SolutionGuid = {E802A1A2-0418-42E4-A0B4-AC03F71D3CFD}
	EndGlobalSection
EndGlobal
